
Microsoft Visual Studio Solution File, Format Version 12.00
# Visual Studio 2017
Project("{FAE04EC0-301F-11D3-BF4B-00C04F79EFBC}") = "IAstar_grid", "IAstar_grid.csproj", "{6C25014B-4FFC-FA5D-04B1-DCEB732E92FD}"
EndProject
Global
	GlobalSection(SolutionConfigurationPlatforms) = preSolution
		Debug|Any CPU = Debug|Any CPU
		Release|Any CPU = Release|Any CPU
	EndGlobalSection
	GlobalSection(ProjectConfigurationPlatforms) = postSolution
		{6C25014B-4FFC-FA5D-04B1-DCEB732E92FD}.Debug|Any CPU.ActiveCfg = Debug|Any CPU
		{6C25014B-4FFC-FA5D-04B1-DCEB732E92FD}.Debug|Any CPU.Build.0 = Debug|Any CPU
		{6C25014B-4FFC-FA5D-04B1-DCEB732E92FD}.Release|Any CPU.ActiveCfg = Release|Any CPU
		{6C25014B-4FFC-FA5D-04B1-DCEB732E92FD}.Release|Any CPU.Build.0 = Release|Any CPU
	EndGlobalSection
	GlobalSection(SolutionProperties) = preSolution
		HideSolutionNode = FALSE
	EndGlobalSection
EndGlobal
